
Microsoft Visual Studio Solution File, Format Version 12.00
# Visual Studio Version 17
VisualStudioVersion = 17.12.35527.113 d17.12
MinimumVisualStudioVersion = 10.0.40219.1
Project("{FAE04EC0-301F-11D3-BF4B-00C04F79EFBC}") = "StoreControl", "StoreControl\StoreControl.csproj", "{A396D64A-456D-49F1-864D-783A2CC1A24A}"
EndProject
Global
	GlobalSection(SolutionConfigurationPlatforms) = preSolution
		Debug|Any CPU = Debug|Any CPU
		Release|Any CPU = Release|Any CPU
	EndGlobalSection
	GlobalSection(ProjectConfigurationPlatforms) = postSolution
		{A396D64A-456D-49F1-864D-783A2CC1A24A}.Debug|Any CPU.ActiveCfg = Debug|Any CPU
		{A396D64A-456D-49F1-864D-783A2CC1A24A}.Debug|Any CPU.Build.0 = Debug|Any CPU
		{A396D64A-456D-49F1-864D-783A2CC1A24A}.Release|Any CPU.ActiveCfg = Release|Any CPU
		{A396D64A-456D-49F1-864D-783A2CC1A24A}.Release|Any CPU.Build.0 = Release|Any CPU
	EndGlobalSection
	GlobalSection(SolutionProperties) = preSolution
		HideSolutionNode = FALSE
	EndGlobalSection
EndGlobal
